
Microsoft Visual Studio Solution File, Format Version 12.00
# Visual Studio Version 16
VisualStudioVersion = 16.0.32901.82
MinimumVisualStudioVersion = 10.0.40219.1
Project("{9A19103F-16F7-4668-BE54-9A1E7A4F7556}") = "Itunes", "SearchItunes\Itunes.csproj", "{73B39C0D-85C7-49B5-ACDE-4D5705B560D2}"
EndProject
Project("{FAE04EC0-301F-11D3-BF4B-00C04F79EFBC}") = "Itunes.Test", "SearchItunes.Test\Itunes.Test.csproj", "{88E91487-44C6-4194-8DC0-36282864F489}"
EndProject
Global
	GlobalSection(SolutionConfigurationPlatforms) = preSolution
		Debug|Any CPU = Debug|Any CPU
		Release|Any CPU = Release|Any CPU
	EndGlobalSection
	GlobalSection(ProjectConfigurationPlatforms) = postSolution
		{73B39C0D-85C7-49B5-ACDE-4D5705B560D2}.Debug|Any CPU.ActiveCfg = Debug|Any CPU
		{73B39C0D-85C7-49B5-ACDE-4D5705B560D2}.Debug|Any CPU.Build.0 = Debug|Any CPU
		{73B39C0D-85C7-49B5-ACDE-4D5705B560D2}.Release|Any CPU.ActiveCfg = Release|Any CPU
		{73B39C0D-85C7-49B5-ACDE-4D5705B560D2}.Release|Any CPU.Build.0 = Release|Any CPU
		{88E91487-44C6-4194-8DC0-36282864F489}.Debug|Any CPU.ActiveCfg = Debug|Any CPU
		{88E91487-44C6-4194-8DC0-36282864F489}.Debug|Any CPU.Build.0 = Debug|Any CPU
		{88E91487-44C6-4194-8DC0-36282864F489}.Release|Any CPU.ActiveCfg = Release|Any CPU
		{88E91487-44C6-4194-8DC0-36282864F489}.Release|Any CPU.Build.0 = Release|Any CPU
	EndGlobalSection
	GlobalSection(SolutionProperties) = preSolution
		HideSolutionNode = FALSE
	EndGlobalSection
	GlobalSection(ExtensibilityGlobals) = postSolution
		SolutionGuid = {8D9ABF75-AEB5-4C40-8A0D-BB5D9917BFE6}
	EndGlobalSection
EndGlobal
